
Microsoft Visual Studio Solution File, Format Version 12.00
# Visual Studio Version 17
VisualStudioVersion = 17.5.33530.505
MinimumVisualStudioVersion = 10.0.40219.1
Project("{FAE04EC0-301F-11D3-BF4B-00C04F79EFBC}") = "QuanLyKTX_Do_an", "QuanLyKTX_Do_an.csproj", "{CB447ED5-2115-4FC8-B0DD-E6A274F3211E}"
EndProject
Global
	GlobalSection(SolutionConfigurationPlatforms) = preSolution
		Debug|Any CPU = Debug|Any CPU
		Release|Any CPU = Release|Any CPU
	EndGlobalSection
	GlobalSection(ProjectConfigurationPlatforms) = postSolution
		{CB447ED5-2115-4FC8-B0DD-E6A274F3211E}.Debug|Any CPU.ActiveCfg = Debug|Any CPU
		{CB447ED5-2115-4FC8-B0DD-E6A274F3211E}.Debug|Any CPU.Build.0 = Debug|Any CPU
		{CB447ED5-2115-4FC8-B0DD-E6A274F3211E}.Release|Any CPU.ActiveCfg = Release|Any CPU
		{CB447ED5-2115-4FC8-B0DD-E6A274F3211E}.Release|Any CPU.Build.0 = Release|Any CPU
	EndGlobalSection
	GlobalSection(SolutionProperties) = preSolution
		HideSolutionNode = FALSE
	EndGlobalSection
	GlobalSection(ExtensibilityGlobals) = postSolution
		SolutionGuid = {84219237-00A8-43F2-9F9E-13FEF8525025}
	EndGlobalSection
EndGlobal
